// !$*UTF8*$!
{
	archiveVersion = 1;
	classes = {
	};
	objectVersion = 46;
	objects = {

/* Begin PBXBuildFile section */
		2FFF22061EFB03A1008D68E2 /* main.m in Sources */ = {isa = PBXBuildFile; fileRef = 2FFF22051EFB03A1008D68E2 /* main.m */; };
		2FFF22091EFB03A1008D68E2 /* AppDelegate.m in Sources */ = {isa = PBXBuildFile; fileRef = 2FFF22081EFB03A1008D68E2 /* AppDelegate.m */; };
		2FFF220C1EFB03A1008D68E2 /* ViewController.m in Sources */ = {isa = PBXBuildFile; fileRef = 2FFF220B1EFB03A1008D68E2 /* ViewController.m */; };
		2FFF220F1EFB03A1008D68E2 /* Main.storyboard in Resources */ = {isa = PBXBuildFile; fileRef = 2FFF220D1EFB03A1008D68E2 /* Main.storyboard */; };
		2FFF22111EFB03A1008D68E2 /* Assets.xcassets in Resources */ = {isa = PBXBuildFile; fileRef = 2FFF22101EFB03A1008D68E2 /* Assets.xcassets */; };
		2FFF22141EFB03A1008D68E2 /* LaunchScreen.storyboard in Resources */ = {isa = PBXBuildFile; fileRef = 2FFF22121EFB03A1008D68E2 /* LaunchScreen.storyboard */; };
/* End PBXBuildFile section */

/* Begin PBXFileReference section */
		2FFF22011EFB03A1008D68E2 /* fuMulticast.app */ = {isa = PBXFileReference; explicitFileType = wrapper.application; includeInIndex = 0; path = fuMulticast.app; sourceTree = BUILT_PRODUCTS_DIR; };
		2FFF22051EFB03A1008D68E2 /* main.m */ = {isa = PBXFileReference; lastKnownFileType = sourcecode.c.objc; path = main.m; sourceTree = "<group>"; };
		2FFF22071EFB03A1008D68E2 /* AppDelegate.h */ = {isa = PBXFileReference; lastKnownFileType = sourcecode.c.h; path = AppDelegate.h; sourceTree = "<group>"; };
		2FFF22081EFB03A1008D68E2 /* AppDelegate.m */ = {isa = PBXFileReference; lastKnownFileType = sourcecode.c.objc; path = AppDelegate.m; sourceTree = "<group>"; };
		2FFF220A1EFB03A1008D68E2 /* ViewController.h */ = {isa = PBXFileReference; lastKnownFileType = sourcecode.c.h; path = ViewController.h; sourceTree = "<group>"; };
		2FFF220B1EFB03A1008D68E2 /* ViewController.m */ = {isa = PBXFileReference; lastKnownFileType = sourcecode.c.objc; path = ViewController.m; sourceTree = "<group>"; };
		2FFF220E1EFB03A1008D68E2 /* Base */ = {isa = PBXFileReference; lastKnownFileType = file.storyboard; name = Base; path = Base.lproj/Main.storyboard; sourceTree = "<group>"; };
		2FFF22101EFB03A1008D68E2 /* Assets.xcassets */ = {isa = PBXFileReference; lastKnownFileType = folder.assetcatalog; path = Assets.xcassets; sourceTree = "<group>"; };
		2FFF22131EFB03A1008D68E2 /* Base */ = {isa = PBXFileReference; lastKnownFileType = file.storyboard; name = Base; path = Base.lproj/LaunchScreen.storyboard; sourceTree = "<group>"; };
		2FFF22151EFB03A1008D68E2 /* Info.plist */ = {isa = PBXFileReference; lastKnownFileType = text.plist.xml; path = Info.plist; sourceTree = "<group>"; };
/* End PBXFileReference section */

/* Begin PBXFrameworksBuildPhase section */
		2FFF21FE1EFB03A1008D68E2 /* Frameworks */ = {
			isa = PBXFrameworksBuildPhase;
			buildActionMask = 2147483647;
			files = (
			);
			runOnlyForDeploymentPostprocessing = 0;
		};
/* End PBXFrameworksBuildPhase section */

/* Begin PBXGroup section */
		2FFF21F81EFB03A1008D68E2 = {
			isa = PBXGroup;
			children = (
				2FFF22031EFB03A1008D68E2 /* fuMulticast */,
				2FFF22021EFB03A1008D68E2 /* Products */,
			);
			sourceTree = "<group>";
		};
		2FFF22021EFB03A1008D68E2 /* Products */ = {
			isa = PBXGroup;
			children = (
				2FFF22011EFB03A1008D68E2 /* fuMulticast.app */,
			);
			name = Products;
			sourceTree = "<group>";
		};
		2FFF22031EFB03A1008D68E2 /* fuMulticast */ = {
			isa = PBXGroup;
			children = (
				2FFF22071EFB03A1008D68E2 /* AppDelegate.h */,
				2FFF22081EFB03A1008D68E2 /* AppDelegate.m */,
				2FFF220A1EFB03A1008D68E2 /* ViewController.h */,
				2FFF220B1EFB03A1008D68E2 /* ViewController.m */,
				2FFF220D1EFB03A1008D68E2 /* Main.storyboard */,
				2FFF22101EFB03A1008D68E2 /* Assets.xcassets */,
				2FFF22121EFB03A1008D68E2 /* LaunchScreen.storyboard */,
				2FFF22151EFB03A1008D68E2 /* Info.plist */,
				2FFF22041EFB03A1008D68E2 /* Supporting Files */,
			);
			path = fuMulticast;
			sourceTree = "<group>";
		};
		2FFF22041EFB03A1008D68E2 /* Supporting Files */ = {
			isa = PBXGroup;
			children = (
				2FFF22051EFB03A1008D68E2 /* main.m */,
			);
			name = "Supporting Files";
			sourceTree = "<group>";
		};
/* End PBXGroup section */

/* Begin PBXNativeTarget section */
		2FFF22001EFB03A1008D68E2 /* fuMulticast */ = {
			isa = PBXNativeTarget;
			buildConfigurationList = 2FFF22181EFB03A1008D68E2 /* Build configuration list for PBXNativeTarget "fuMulticast" */;
			buildPhases = (
				2FFF21FD1EFB03A1008D68E2 /* Sources */,
				2FFF21FE1EFB03A1008D68E2 /* Frameworks */,
				2FFF21FF1EFB03A1008D68E2 /* Resources */,
			);
			buildRules = (
			);
			dependencies = (
			);
			name = fuMulticast;
			productName = fuMulticast;
			productReference = 2FFF22011EFB03A1008D68E2 /* fuMulticast.app */;
			productType = "com.apple.product-type.application";
		};
/* End PBXNativeTarget section */

/* Begin PBXProject section */
		2FFF21F91EFB03A1008D68E2 /* Project object */ = {
			isa = PBXProject;
			attributes = {
				LastUpgradeCheck = 0830;
				ORGANIZATIONNAME = SNDR;
				TargetAttributes = {
					2FFF22001EFB03A1008D68E2 = {
						CreatedOnToolsVersion = 8.3.2;
						DevelopmentTeam = 3947V8436C;
						ProvisioningStyle = Automatic;
					};
				};
			};
			buildConfigurationList = 2FFF21FC1EFB03A1008D68E2 /* Build configuration list for PBXProject "fuMulticast" */;
			compatibilityVersion = "Xcode 3.2";
			developmentRegion = English;
			hasScannedForEncodings = 0;
			knownRegions = (
				en,
				Base,
			);
			mainGroup = 2FFF21F81EFB03A1008D68E2;
			productRefGroup = 2FFF22021EFB03A1008D68E2 /* Products */;
			projectDirPath = "";
			projectRoot = "";
			targets = (
				2FFF22001EFB03A1008D68E2 /* fuMulticast */,
			);
		};
/* End PBXProject section */

/* Begin PBXResourcesBuildPhase section */
		2FFF21FF1EFB03A1008D68E2 /* Resources */ = {
			isa = PBXResourcesBuildPhase;
			buildActionMask = 2147483647;
			files = (
				2FFF22141EFB03A1008D68E2 /* LaunchScreen.storyboard in Resources */,
				2FFF22111EFB03A1008D68E2 /* Assets.xcassets in Resources */,
				2FFF220F1EFB03A1008D68E2 /* Main.storyboard in Resources */,
			);
			runOnlyForDeploymentPostprocessing = 0;
		};
/* End PBXResourcesBuildPhase section */

/* Begin PBXSourcesBuildPhase section */
		2FFF21FD1EFB03A1008D68E2 /* Sources */ = {
			isa = PBXSourcesBuildPhase;
			buildActionMask = 2147483647;
			files = (
				2FFF220C1EFB03A1008D68E2 /* ViewController.m in Sources */,
				2FFF22091EFB03A1008D68E2 /* AppDelegate.m in Sources */,
				2FFF22061EFB03A1008D68E2 /* main.m in Sources */,
			);
			runOnlyForDeploymentPostprocessing = 0;
		};
/* End PBXSourcesBuildPhase section */

/* Begin PBXVariantGroup section */
		2FFF220D1EFB03A1008D68E2 /* Main.storyboard */ = {
			isa = PBXVariantGroup;
			children = (
				2FFF220E1EFB03A1008D68E2 /* Base */,
			);
			name = Main.storyboard;
			sourceTree = "<group>";
		};
		2FFF22121EFB03A1008D68E2 /* LaunchScreen.storyboard */ = {
			isa = PBXVariantGroup;
			children = (
				2FFF22131EFB03A1008D68E2 /* Base */,
			);
			name = LaunchScreen.storyboard;
			sourceTree = "<group>";
		};
/* End PBXVariantGroup section */

/* Begin XCBuildConfiguration section */
		2FFF22161EFB03A1008D68E2 /* Debug */ = {
			isa = XCBuildConfiguration;
			buildSettings = {
				ALWAYS_SEARCH_USER_PATHS = NO;
				CLANG_ANALYZER_NONNULL = YES;
				CLANG_ANALYZER_NUMBER_OBJECT_CONVERSION = YES_AGGRESSIVE;
				CLANG_CXX_LANGUAGE_STANDARD = "gnu++0x";
				CLANG_CXX_LIBRARY = "libc++";
				CLANG_ENABLE_MODULES = YES;
				CLANG_ENABLE_OBJC_ARC = YES;
				CLANG_WARN_BOOL_CONVERSION = YES;
				CLANG_WARN_CONSTANT_CONVERSION = YES;
				CLANG_WARN_DIRECT_OBJC_ISA_USAGE = YES_ERROR;
				CLANG_WARN_DOCUMENTATION_COMMENTS = YES;
				CLANG_WARN_EMPTY_BODY = YES;
				CLANG_WARN_ENUM_CONVERSION = YES;
				CLANG_WARN_INFINITE_RECURSION = YES;
				CLANG_WARN_INT_CONVERSION = YES;
				CLANG_WARN_OBJC_ROOT_CLASS = YES_ERROR;
				CLANG_WARN_SUSPICIOUS_MOVE = YES;
				CLANG_WARN_UNREACHABLE_CODE = YES;
				CLANG_WARN__DUPLICATE_METHOD_MATCH = YES;
				"CODE_SIGN_IDENTITY[sdk=iphoneos*]" = "iPhone Developer";
				COPY_PHASE_STRIP = NO;
				DEBUG_INFORMATION_FORMAT = dwarf;
				ENABLE_STRICT_OBJC_MSGSEND = YES;
				ENABLE_TESTABILITY = YES;
				GCC_C_LANGUAGE_STANDARD = gnu99;
				GCC_DYNAMIC_NO_PIC = NO;
				GCC_NO_COMMON_BLOCKS = YES;
				GCC_OPTIMIZATION_LEVEL = 0;
				GCC_PREPROCESSOR_DEFINITIONS = (
					"DEBUG=1",
					"$(inherited)",
				);
				GCC_WARN_64_TO_32_BIT_CONVERSION = YES;
				GCC_WARN_ABOUT_RETURN_TYPE = YES_ERROR;
				GCC_WARN_UNDECLARED_SELECTOR = YES;
				GCC_WARN_UNINITIALIZED_AUTOS = YES_AGGRESSIVE;
				GCC_WARN_UNUSED_FUNCTION = YES;
				GCC_WARN_UNUSED_VARIABLE = YES;
				IPHONEOS_DEPLOYMENT_TARGET = 10.3;
				MTL_ENABLE_DEBUG_INFO = YES;
				ONLY_ACTIVE_ARCH = YES;
				SDKROOT = iphoneos;
				TARGETED_DEVICE_FAMILY = "1,2";
			};
			name = Debug;
		};
		2FFF22171EFB03A1008D68E2 /* Release */ = {
			isa = XCBuildConfiguration;
			buildSettings = {
				ALWAYS_SEARCH_USER_PATHS = NO;
				CLANG_ANALYZER_NONNULL = YES;
				CLANG_ANALYZER_NUMBER_OBJECT_CONVERSION = YES_AGGRESSIVE;
				CLANG_CXX_LANGUAGE_STANDARD = "gnu++0x";
				CLANG_CXX_LIBRARY = "libc++";
				CLANG_ENABLE_MODULES = YES;
				CLANG_ENABLE_OBJC_ARC = YES;
				CLANG_WARN_BOOL_CONVERSION = YES;
				CLANG_WARN_CONSTANT_CONVERSION = YES;
				CLANG_WARN_DIRECT_OBJC_ISA_USAGE = YES_ERROR;
				CLANG_WARN_DOCUMENTATION_COMMENTS = YES;
				CLANG_WARN_EMPTY_BODY = YES;
				CLANG_WARN_ENUM_CONVERSION = YES;
				CLANG_WARN_INFINITE_RECURSION = YES;
				CLANG_WARN_INT_CONVERSION = YES;
				CLANG_WARN_OBJC_ROOT_CLASS = YES_ERROR;
				CLANG_WARN_SUSPICIOUS_MOVE = YES;
				CLANG_WARN_UNREACHABLE_CODE = YES;
				CLANG_WARN__DUPLICATE_METHOD_MATCH = YES;
				"CODE_SIGN_IDENTITY[sdk=iphoneos*]" = "iPhone Developer";
				COPY_PHASE_STRIP = NO;
				DEBUG_INFORMATION_FORMAT = "dwarf-with-dsym";
				ENABLE_NS_ASSERTIONS = NO;
				ENABLE_STRICT_OBJC_MSGSEND = YES;
				GCC_C_LANGUAGE_STANDARD = gnu99;
				GCC_NO_COMMON_BLOCKS = YES;
				GCC_WARN_64_TO_32_BIT_CONVERSION = YES;
				GCC_WARN_ABOUT_RETURN_TYPE = YES_ERROR;
				GCC_WARN_UNDECLARED_SELECTOR = YES;
				GCC_WARN_UNINITIALIZED_AUTOS = YES_AGGRESSIVE;
				GCC_WARN_UNUSED_FUNCTION = YES;
				GCC_WARN_UNUSED_VARIABLE = YES;
				IPHONEOS_DEPLOYMENT_TARGET = 10.3;
				MTL_ENABLE_DEBUG_INFO = NO;
				SDKROOT = iphoneos;
				TARGETED_DEVICE_FAMILY = "1,2";
				VALIDATE_PRODUCT = YES;
			};
			name = Release;
		};
		2FFF22191EFB03A1008D68E2 /* Debug */ = {
			isa = XCBuildConfiguration;
			buildSettings = {
				ASSETCATALOG_COMPILER_APPICON_NAME = AppIcon;
				DEVELOPMENT_TEAM = 3947V8436C;
				INFOPLIST_FILE = fuMulticast/Info.plist;
				IPHONEOS_DEPLOYMENT_TARGET = 9.0;
				LD_RUNPATH_SEARCH_PATHS = "$(inherited) @executable_path/Frameworks";
				PRODUCT_BUNDLE_IDENTIFIER = sndr.fuMulticast;
				PRODUCT_NAME = "$(TARGET_NAME)";
			};
			name = Debug;
		};
		2FFF221A1EFB03A1008D68E2 /* Release */ = {
			isa = XCBuildConfiguration;
			buildSettings = {
				ASSETCATALOG_COMPILER_APPICON_NAME = AppIcon;
				DEVELOPMENT_TEAM = 3947V8436C;
				INFOPLIST_FILE = fuMulticast/Info.plist;
				IPHONEOS_DEPLOYMENT_TARGET = 9.0;
				LD_RUNPATH_SEARCH_PATHS = "$(inherited) @executable_path/Frameworks";
				PRODUCT_BUNDLE_IDENTIFIER = sndr.fuMulticast;
				PRODUCT_NAME = "$(TARGET_NAME)";
			};
			name = Release;
		};
/* End XCBuildConfiguration section */

/* Begin XCConfigurationList section */
		2FFF21FC1EFB03A1008D68E2 /* Build configuration list for PBXProject "fuMulticast" */ = {
			isa = XCConfigurationList;
			buildConfigurations = (
				2FFF22161EFB03A1008D68E2 /* Debug */,
				2FFF22171EFB03A1008D68E2 /* Release */,
			);
			defaultConfigurationIsVisible = 0;
			defaultConfigurationName = Release;
		};
		2FFF22181EFB03A1008D68E2 /* Build configuration list for PBXNativeTarget "fuMulticast" */ = {
			isa = XCConfigurationList;
			buildConfigurations = (
				2FFF22191EFB03A1008D68E2 /* Debug */,
				2FFF221A1EFB03A1008D68E2 /* Release */,
			);
			defaultConfigurationIsVisible = 0;
		};
/* End XCConfigurationList section */
	};
	rootObject = 2FFF21F91EFB03A1008D68E2 /* Project object */;
}
